
Microsoft Visual Studio Solution File, Format Version 12.00
# Visual Studio Version 16
VisualStudioVersion = 16.0.29102.190
MinimumVisualStudioVersion = 10.0.40219.1
Project("{FAE04EC0-301F-11D3-BF4B-00C04F79EFBC}") = "test_debugage", "test_debugage\test_debugage.csproj", "{F1ECA834-C7D4-4FCA-BF69-BFEF1CF6CEEC}"
EndProject
Global
	GlobalSection(SolutionConfigurationPlatforms) = preSolution
		Debug|Any CPU = Debug|Any CPU
		Release|Any CPU = Release|Any CPU
	EndGlobalSection
	GlobalSection(ProjectConfigurationPlatforms) = postSolution
		{F1ECA834-C7D4-4FCA-BF69-BFEF1CF6CEEC}.Debug|Any CPU.ActiveCfg = Debug|Any CPU
		{F1ECA834-C7D4-4FCA-BF69-BFEF1CF6CEEC}.Debug|Any CPU.Build.0 = Debug|Any CPU
		{F1ECA834-C7D4-4FCA-BF69-BFEF1CF6CEEC}.Release|Any CPU.ActiveCfg = Release|Any CPU
		{F1ECA834-C7D4-4FCA-BF69-BFEF1CF6CEEC}.Release|Any CPU.Build.0 = Release|Any CPU
	EndGlobalSection
	GlobalSection(SolutionProperties) = preSolution
		HideSolutionNode = FALSE
	EndGlobalSection
	GlobalSection(ExtensibilityGlobals) = postSolution
		SolutionGuid = {2648D95D-8D92-4E17-BFAD-B0506D9A953D}
	EndGlobalSection
EndGlobal
