
Microsoft Visual Studio Solution File, Format Version 12.00
# Visual Studio Version 16
VisualStudioVersion = 16.0.29102.190
MinimumVisualStudioVersion = 10.0.40219.1
Project("{FAE04EC0-301F-11D3-BF4B-00C04F79EFBC}") = "Rep1.6_10entiers", "Rep1.6_10entiers\Rep1.6_10entiers.csproj", "{8FCCD1E9-F37D-46DF-8F7E-E257CF7EDCC7}"
EndProject
Global
	GlobalSection(SolutionConfigurationPlatforms) = preSolution
		Debug|Any CPU = Debug|Any CPU
		Release|Any CPU = Release|Any CPU
	EndGlobalSection
	GlobalSection(ProjectConfigurationPlatforms) = postSolution
		{8FCCD1E9-F37D-46DF-8F7E-E257CF7EDCC7}.Debug|Any CPU.ActiveCfg = Debug|Any CPU
		{8FCCD1E9-F37D-46DF-8F7E-E257CF7EDCC7}.Debug|Any CPU.Build.0 = Debug|Any CPU
		{8FCCD1E9-F37D-46DF-8F7E-E257CF7EDCC7}.Release|Any CPU.ActiveCfg = Release|Any CPU
		{8FCCD1E9-F37D-46DF-8F7E-E257CF7EDCC7}.Release|Any CPU.Build.0 = Release|Any CPU
	EndGlobalSection
	GlobalSection(SolutionProperties) = preSolution
		HideSolutionNode = FALSE
	EndGlobalSection
	GlobalSection(ExtensibilityGlobals) = postSolution
		SolutionGuid = {297BEFAA-9DC0-4CA2-BE73-EE6DEF726B00}
	EndGlobalSection
EndGlobal
