
Microsoft Visual Studio Solution File, Format Version 12.00
# Visual Studio Version 16
VisualStudioVersion = 16.0.29102.190
MinimumVisualStudioVersion = 10.0.40219.1
Project("{FAE04EC0-301F-11D3-BF4B-00C04F79EFBC}") = "Croissance_pop_Sims_A_B", "Croissance_pop_Sims_A_B\Croissance_pop_Sims_A_B.csproj", "{A7143B4C-132E-4047-AB36-5AE982D30F29}"
EndProject
Global
	GlobalSection(SolutionConfigurationPlatforms) = preSolution
		Debug|Any CPU = Debug|Any CPU
		Release|Any CPU = Release|Any CPU
	EndGlobalSection
	GlobalSection(ProjectConfigurationPlatforms) = postSolution
		{A7143B4C-132E-4047-AB36-5AE982D30F29}.Debug|Any CPU.ActiveCfg = Debug|Any CPU
		{A7143B4C-132E-4047-AB36-5AE982D30F29}.Debug|Any CPU.Build.0 = Debug|Any CPU
		{A7143B4C-132E-4047-AB36-5AE982D30F29}.Release|Any CPU.ActiveCfg = Release|Any CPU
		{A7143B4C-132E-4047-AB36-5AE982D30F29}.Release|Any CPU.Build.0 = Release|Any CPU
	EndGlobalSection
	GlobalSection(SolutionProperties) = preSolution
		HideSolutionNode = FALSE
	EndGlobalSection
	GlobalSection(ExtensibilityGlobals) = postSolution
		SolutionGuid = {FF39E129-76A3-474F-ABD5-3A058AD4DF5E}
	EndGlobalSection
EndGlobal
