
Microsoft Visual Studio Solution File, Format Version 12.00
# Visual Studio Version 16
VisualStudioVersion = 16.0.29102.190
MinimumVisualStudioVersion = 10.0.40219.1
Project("{FAE04EC0-301F-11D3-BF4B-00C04F79EFBC}") = "Librairie_Kellian", "Librairie_Kellian.csproj", "{4AA0755E-D4DE-4A93-BD67-87656DAD5CED}"
EndProject
Global
	GlobalSection(SolutionConfigurationPlatforms) = preSolution
		Debug|Any CPU = Debug|Any CPU
		Release|Any CPU = Release|Any CPU
	EndGlobalSection
	GlobalSection(ProjectConfigurationPlatforms) = postSolution
		{4AA0755E-D4DE-4A93-BD67-87656DAD5CED}.Debug|Any CPU.ActiveCfg = Debug|Any CPU
		{4AA0755E-D4DE-4A93-BD67-87656DAD5CED}.Debug|Any CPU.Build.0 = Debug|Any CPU
		{4AA0755E-D4DE-4A93-BD67-87656DAD5CED}.Release|Any CPU.ActiveCfg = Release|Any CPU
		{4AA0755E-D4DE-4A93-BD67-87656DAD5CED}.Release|Any CPU.Build.0 = Release|Any CPU
	EndGlobalSection
	GlobalSection(SolutionProperties) = preSolution
		HideSolutionNode = FALSE
	EndGlobalSection
	GlobalSection(ExtensibilityGlobals) = postSolution
		SolutionGuid = {15A25A1E-7C05-4A3D-9E82-ABF95F11C65B}
	EndGlobalSection
EndGlobal
