
Microsoft Visual Studio Solution File, Format Version 12.00
# Visual Studio Version 16
VisualStudioVersion = 16.0.29102.190
MinimumVisualStudioVersion = 10.0.40219.1
Project("{FAE04EC0-301F-11D3-BF4B-00C04F79EFBC}") = "dix_entiers_minimum_occurences", "dix_entiers_minimum_occurences\dix_entiers_minimum_occurences.csproj", "{8F414C90-AC13-4AD7-B033-6E3537BE056F}"
EndProject
Global
	GlobalSection(SolutionConfigurationPlatforms) = preSolution
		Debug|Any CPU = Debug|Any CPU
		Release|Any CPU = Release|Any CPU
	EndGlobalSection
	GlobalSection(ProjectConfigurationPlatforms) = postSolution
		{8F414C90-AC13-4AD7-B033-6E3537BE056F}.Debug|Any CPU.ActiveCfg = Debug|Any CPU
		{8F414C90-AC13-4AD7-B033-6E3537BE056F}.Debug|Any CPU.Build.0 = Debug|Any CPU
		{8F414C90-AC13-4AD7-B033-6E3537BE056F}.Release|Any CPU.ActiveCfg = Release|Any CPU
		{8F414C90-AC13-4AD7-B033-6E3537BE056F}.Release|Any CPU.Build.0 = Release|Any CPU
	EndGlobalSection
	GlobalSection(SolutionProperties) = preSolution
		HideSolutionNode = FALSE
	EndGlobalSection
	GlobalSection(ExtensibilityGlobals) = postSolution
		SolutionGuid = {2DC615D0-7223-4286-84DE-C26EFCAE30D8}
	EndGlobalSection
EndGlobal
