
Microsoft Visual Studio Solution File, Format Version 12.00
# Visual Studio Version 16
VisualStudioVersion = 16.0.29709.97
MinimumVisualStudioVersion = 10.0.40219.1
Project("{FAE04EC0-301F-11D3-BF4B-00C04F79EFBC}") = "TP_02_05_2020_Taux d'interets", "TP_02_05_2020_Taux d'interets\TP_02_05_2020_Taux d'interets.csproj", "{9FE53BA0-762B-4841-9391-DFABAD2384EE}"
EndProject
Global
	GlobalSection(SolutionConfigurationPlatforms) = preSolution
		Debug|Any CPU = Debug|Any CPU
		Release|Any CPU = Release|Any CPU
	EndGlobalSection
	GlobalSection(ProjectConfigurationPlatforms) = postSolution
		{9FE53BA0-762B-4841-9391-DFABAD2384EE}.Debug|Any CPU.ActiveCfg = Debug|Any CPU
		{9FE53BA0-762B-4841-9391-DFABAD2384EE}.Debug|Any CPU.Build.0 = Debug|Any CPU
		{9FE53BA0-762B-4841-9391-DFABAD2384EE}.Release|Any CPU.ActiveCfg = Release|Any CPU
		{9FE53BA0-762B-4841-9391-DFABAD2384EE}.Release|Any CPU.Build.0 = Release|Any CPU
	EndGlobalSection
	GlobalSection(SolutionProperties) = preSolution
		HideSolutionNode = FALSE
	EndGlobalSection
	GlobalSection(ExtensibilityGlobals) = postSolution
		SolutionGuid = {ED0BF3F8-C167-4F32-929D-8621C3F6B907}
	EndGlobalSection
EndGlobal
