
Microsoft Visual Studio Solution File, Format Version 12.00
# Visual Studio Version 16
VisualStudioVersion = 16.0.29102.190
MinimumVisualStudioVersion = 10.0.40219.1
Project("{FAE04EC0-301F-11D3-BF4B-00C04F79EFBC}") = "LibrairieCesar", "LibrairieCesar\LibrairieCesar.csproj", "{54F3832D-ACE3-44A4-8E5A-0BDB3F70D9F6}"
EndProject
Global
	GlobalSection(SolutionConfigurationPlatforms) = preSolution
		Debug|Any CPU = Debug|Any CPU
		Release|Any CPU = Release|Any CPU
	EndGlobalSection
	GlobalSection(ProjectConfigurationPlatforms) = postSolution
		{54F3832D-ACE3-44A4-8E5A-0BDB3F70D9F6}.Debug|Any CPU.ActiveCfg = Debug|Any CPU
		{54F3832D-ACE3-44A4-8E5A-0BDB3F70D9F6}.Debug|Any CPU.Build.0 = Debug|Any CPU
		{54F3832D-ACE3-44A4-8E5A-0BDB3F70D9F6}.Release|Any CPU.ActiveCfg = Release|Any CPU
		{54F3832D-ACE3-44A4-8E5A-0BDB3F70D9F6}.Release|Any CPU.Build.0 = Release|Any CPU
	EndGlobalSection
	GlobalSection(SolutionProperties) = preSolution
		HideSolutionNode = FALSE
	EndGlobalSection
	GlobalSection(ExtensibilityGlobals) = postSolution
		SolutionGuid = {B8EF1A04-31FB-4878-A811-53EA767D06B5}
	EndGlobalSection
EndGlobal
